
Microsoft Visual Studio Solution File, Format Version 12.00
# Visual Studio Version 16
VisualStudioVersion = 16.0.28803.156
MinimumVisualStudioVersion = 10.0.40219.1
Project("{FAE04EC0-301F-11D3-BF4B-00C04F79EFBC}") = "Lab.Android", "Lab\Lab.Android\Lab.Android.csproj", "{B1566DFF-B2FC-4EE3-822D-5E6EFCC4AA81}"
EndProject
Project("{9A19103F-16F7-4668-BE54-9A1E7A4F7556}") = "Lab", "Lab\Lab\Lab.csproj", "{6E41181D-9826-476D-95EF-9115248F444F}"
EndProject
Project("{FAE04EC0-301F-11D3-BF4B-00C04F79EFBC}") = "UnitTests.Lab1", "UnitTests.Lab1\UnitTests.Lab1.csproj", "{F7DDE6FB-0D75-4D9C-AD19-1F0B22ECBD13}"
EndProject
Global
	GlobalSection(SolutionConfigurationPlatforms) = preSolution
		Debug|Any CPU = Debug|Any CPU
		Release|Any CPU = Release|Any CPU
	EndGlobalSection
	GlobalSection(ProjectConfigurationPlatforms) = postSolution
		{B1566DFF-B2FC-4EE3-822D-5E6EFCC4AA81}.Debug|Any CPU.ActiveCfg = Debug|Any CPU
		{B1566DFF-B2FC-4EE3-822D-5E6EFCC4AA81}.Debug|Any CPU.Build.0 = Debug|Any CPU
		{B1566DFF-B2FC-4EE3-822D-5E6EFCC4AA81}.Debug|Any CPU.Deploy.0 = Debug|Any CPU
		{B1566DFF-B2FC-4EE3-822D-5E6EFCC4AA81}.Release|Any CPU.ActiveCfg = Release|Any CPU
		{B1566DFF-B2FC-4EE3-822D-5E6EFCC4AA81}.Release|Any CPU.Build.0 = Release|Any CPU
		{B1566DFF-B2FC-4EE3-822D-5E6EFCC4AA81}.Release|Any CPU.Deploy.0 = Release|Any CPU
		{6E41181D-9826-476D-95EF-9115248F444F}.Debug|Any CPU.ActiveCfg = Debug|Any CPU
		{6E41181D-9826-476D-95EF-9115248F444F}.Debug|Any CPU.Build.0 = Debug|Any CPU
		{6E41181D-9826-476D-95EF-9115248F444F}.Debug|Any CPU.Deploy.0 = Debug|Any CPU
		{6E41181D-9826-476D-95EF-9115248F444F}.Release|Any CPU.ActiveCfg = Release|Any CPU
		{6E41181D-9826-476D-95EF-9115248F444F}.Release|Any CPU.Build.0 = Release|Any CPU
		{6E41181D-9826-476D-95EF-9115248F444F}.Release|Any CPU.Deploy.0 = Release|Any CPU
		{F7DDE6FB-0D75-4D9C-AD19-1F0B22ECBD13}.Debug|Any CPU.ActiveCfg = Debug|Any CPU
		{F7DDE6FB-0D75-4D9C-AD19-1F0B22ECBD13}.Debug|Any CPU.Build.0 = Debug|Any CPU
		{F7DDE6FB-0D75-4D9C-AD19-1F0B22ECBD13}.Release|Any CPU.ActiveCfg = Release|Any CPU
		{F7DDE6FB-0D75-4D9C-AD19-1F0B22ECBD13}.Release|Any CPU.Build.0 = Release|Any CPU
	EndGlobalSection
	GlobalSection(SolutionProperties) = preSolution
		HideSolutionNode = FALSE
	EndGlobalSection
	GlobalSection(ExtensibilityGlobals) = postSolution
		SolutionGuid = {B898B166-38FF-4BF9-ADFE-1168556FE9F9}
	EndGlobalSection
EndGlobal
